// !$*UTF8*$!
{
	archiveVersion = 1;
	classes = {
	};
	objectVersion = 56;
	objects = {

/* Begin PBXBuildFile section */
		F7346AB72B40A50D006B1EA7 /* Shader.metal in Sources */ = {isa = PBXBuildFile; fileRef = F7346AB62B40A50D006B1EA7 /* Shader.metal */; };
		F7F5BC412B40A4C100899AA2 /* MeshTransformAnimationApp.swift in Sources */ = {isa = PBXBuildFile; fileRef = F7F5BC402B40A4C100899AA2 /* MeshTransformAnimationApp.swift */; };
		F7F5BC432B40A4C100899AA2 /* ContentView.swift in Sources */ = {isa = PBXBuildFile; fileRef = F7F5BC422B40A4C100899AA2 /* ContentView.swift */; };
		F7F5BC452B40A4C200899AA2 /* Assets.xcassets in Resources */ = {isa = PBXBuildFile; fileRef = F7F5BC442B40A4C200899AA2 /* Assets.xcassets */; };
		F7F5BC482B40A4C200899AA2 /* Preview Assets.xcassets in Resources */ = {isa = PBXBuildFile; fileRef = F7F5BC472B40A4C200899AA2 /* Preview Assets.xcassets */; };
		F7F5BC502B40A4D800899AA2 /* Wave in Frameworks */ = {isa = PBXBuildFile; productRef = F7F5BC4F2B40A4D800899AA2 /* Wave */; };
/* End PBXBuildFile section */

/* Begin PBXFileReference section */
		F7346AB62B40A50D006B1EA7 /* Shader.metal */ = {isa = PBXFileReference; lastKnownFileType = sourcecode.metal; path = Shader.metal; sourceTree = "<group>"; };
		F7346AB82B40A541006B1EA7 /* Info.plist */ = {isa = PBXFileReference; lastKnownFileType = text.plist; path = Info.plist; sourceTree = "<group>"; };
		F7F5BC3D2B40A4C100899AA2 /* MeshTransformAnimation.app */ = {isa = PBXFileReference; explicitFileType = wrapper.application; includeInIndex = 0; path = MeshTransformAnimation.app; sourceTree = BUILT_PRODUCTS_DIR; };
		F7F5BC402B40A4C100899AA2 /* MeshTransformAnimationApp.swift */ = {isa = PBXFileReference; lastKnownFileType = sourcecode.swift; path = MeshTransformAnimationApp.swift; sourceTree = "<group>"; };
		F7F5BC422B40A4C100899AA2 /* ContentView.swift */ = {isa = PBXFileReference; lastKnownFileType = sourcecode.swift; path = ContentView.swift; sourceTree = "<group>"; };
		F7F5BC442B40A4C200899AA2 /* Assets.xcassets */ = {isa = PBXFileReference; lastKnownFileType = folder.assetcatalog; path = Assets.xcassets; sourceTree = "<group>"; };
		F7F5BC472B40A4C200899AA2 /* Preview Assets.xcassets */ = {isa = PBXFileReference; lastKnownFileType = folder.assetcatalog; path = "Preview Assets.xcassets"; sourceTree = "<group>"; };
/* End PBXFileReference section */

/* Begin PBXFrameworksBuildPhase section */
		F7F5BC3A2B40A4C100899AA2 /* Frameworks */ = {
			isa = PBXFrameworksBuildPhase;
			buildActionMask = 2147483647;
			files = (
				F7F5BC502B40A4D800899AA2 /* Wave in Frameworks */,
			);
			runOnlyForDeploymentPostprocessing = 0;
		};
/* End PBXFrameworksBuildPhase section */

/* Begin PBXGroup section */
		F7F5BC342B40A4C100899AA2 = {
			isa = PBXGroup;
			children = (
				F7F5BC3F2B40A4C100899AA2 /* MeshTransformAnimation */,
				F7F5BC3E2B40A4C100899AA2 /* Products */,
			);
			sourceTree = "<group>";
		};
		F7F5BC3E2B40A4C100899AA2 /* Products */ = {
			isa = PBXGroup;
			children = (
				F7F5BC3D2B40A4C100899AA2 /* MeshTransformAnimation.app */,
			);
			name = Products;
			sourceTree = "<group>";
		};
		F7F5BC3F2B40A4C100899AA2 /* MeshTransformAnimation */ = {
			isa = PBXGroup;
			children = (
				F7346AB82B40A541006B1EA7 /* Info.plist */,
				F7F5BC402B40A4C100899AA2 /* MeshTransformAnimationApp.swift */,
				F7F5BC422B40A4C100899AA2 /* ContentView.swift */,
				F7346AB62B40A50D006B1EA7 /* Shader.metal */,
				F7F5BC442B40A4C200899AA2 /* Assets.xcassets */,
				F7F5BC462B40A4C200899AA2 /* Preview Content */,
			);
			path = MeshTransformAnimation;
			sourceTree = "<group>";
		};
		F7F5BC462B40A4C200899AA2 /* Preview Content */ = {
			isa = PBXGroup;
			children = (
				F7F5BC472B40A4C200899AA2 /* Preview Assets.xcassets */,
			);
			path = "Preview Content";
			sourceTree = "<group>";
		};
/* End PBXGroup section */

/* Begin PBXNativeTarget section */
		F7F5BC3C2B40A4C100899AA2 /* MeshTransformAnimation */ = {
			isa = PBXNativeTarget;
			buildConfigurationList = F7F5BC4B2B40A4C200899AA2 /* Build configuration list for PBXNativeTarget "MeshTransformAnimation" */;
			buildPhases = (
				F7F5BC392B40A4C100899AA2 /* Sources */,
				F7F5BC3A2B40A4C100899AA2 /* Frameworks */,
				F7F5BC3B2B40A4C100899AA2 /* Resources */,
			);
			buildRules = (
			);
			dependencies = (
			);
			name = MeshTransformAnimation;
			packageProductDependencies = (
				F7F5BC4F2B40A4D800899AA2 /* Wave */,
			);
			productName = MeshTransformAnimation;
			productReference = F7F5BC3D2B40A4C100899AA2 /* MeshTransformAnimation.app */;
			productType = "com.apple.product-type.application";
		};
/* End PBXNativeTarget section */

/* Begin PBXProject section */
		F7F5BC352B40A4C100899AA2 /* Project object */ = {
			isa = PBXProject;
			attributes = {
				BuildIndependentTargetsInParallel = 1;
				LastSwiftUpdateCheck = 1510;
				LastUpgradeCheck = 1510;
				TargetAttributes = {
					F7F5BC3C2B40A4C100899AA2 = {
						CreatedOnToolsVersion = 15.1;
					};
				};
			};
			buildConfigurationList = F7F5BC382B40A4C100899AA2 /* Build configuration list for PBXProject "MeshTransformAnimation" */;
			compatibilityVersion = "Xcode 14.0";
			developmentRegion = en;
			hasScannedForEncodings = 0;
			knownRegions = (
				en,
				Base,
			);
			mainGroup = F7F5BC342B40A4C100899AA2;
			packageReferences = (
				F7F5BC4E2B40A4D800899AA2 /* XCRemoteSwiftPackageReference "Wave" */,
			);
			productRefGroup = F7F5BC3E2B40A4C100899AA2 /* Products */;
			projectDirPath = "";
			projectRoot = "";
			targets = (
				F7F5BC3C2B40A4C100899AA2 /* MeshTransformAnimation */,
			);
		};
/* End PBXProject section */

/* Begin PBXResourcesBuildPhase section */
		F7F5BC3B2B40A4C100899AA2 /* Resources */ = {
			isa = PBXResourcesBuildPhase;
			buildActionMask = 2147483647;
			files = (
				F7F5BC482B40A4C200899AA2 /* Preview Assets.xcassets in Resources */,
				F7F5BC452B40A4C200899AA2 /* Assets.xcassets in Resources */,
			);
			runOnlyForDeploymentPostprocessing = 0;
		};
/* End PBXResourcesBuildPhase section */

/* Begin PBXSourcesBuildPhase section */
		F7F5BC392B40A4C100899AA2 /* Sources */ = {
			isa = PBXSourcesBuildPhase;
			buildActionMask = 2147483647;
			files = (
				F7346AB72B40A50D006B1EA7 /* Shader.metal in Sources */,
				F7F5BC432B40A4C100899AA2 /* ContentView.swift in Sources */,
				F7F5BC412B40A4C100899AA2 /* MeshTransformAnimationApp.swift in Sources */,
			);
			runOnlyForDeploymentPostprocessing = 0;
		};
/* End PBXSourcesBuildPhase section */

/* Begin XCBuildConfiguration section */
		F7F5BC492B40A4C200899AA2 /* Debug */ = {
			isa = XCBuildConfiguration;
			buildSettings = {
				ALWAYS_SEARCH_USER_PATHS = NO;
				ASSETCATALOG_COMPILER_GENERATE_SWIFT_ASSET_SYMBOL_EXTENSIONS = YES;
				CLANG_ANALYZER_NONNULL = YES;
				CLANG_ANALYZER_NUMBER_OBJECT_CONVERSION = YES_AGGRESSIVE;
				CLANG_CXX_LANGUAGE_STANDARD = "gnu++20";
				CLANG_ENABLE_MODULES = YES;
				CLANG_ENABLE_OBJC_ARC = YES;
				CLANG_ENABLE_OBJC_WEAK = YES;
				CLANG_WARN_BLOCK_CAPTURE_AUTORELEASING = YES;
				CLANG_WARN_BOOL_CONVERSION = YES;
				CLANG_WARN_COMMA = YES;
				CLANG_WARN_CONSTANT_CONVERSION = YES;
				CLANG_WARN_DEPRECATED_OBJC_IMPLEMENTATIONS = YES;
				CLANG_WARN_DIRECT_OBJC_ISA_USAGE = YES_ERROR;
				CLANG_WARN_DOCUMENTATION_COMMENTS = YES;
				CLANG_WARN_EMPTY_BODY = YES;
				CLANG_WARN_ENUM_CONVERSION = YES;
				CLANG_WARN_INFINITE_RECURSION = YES;
				CLANG_WARN_INT_CONVERSION = YES;
				CLANG_WARN_NON_LITERAL_NULL_CONVERSION = YES;
				CLANG_WARN_OBJC_IMPLICIT_RETAIN_SELF = YES;
				CLANG_WARN_OBJC_LITERAL_CONVERSION = YES;
				CLANG_WARN_OBJC_ROOT_CLASS = YES_ERROR;
				CLANG_WARN_QUOTED_INCLUDE_IN_FRAMEWORK_HEADER = YES;
				CLANG_WARN_RANGE_LOOP_ANALYSIS = YES;
				CLANG_WARN_STRICT_PROTOTYPES = YES;
				CLANG_WARN_SUSPICIOUS_MOVE = YES;
				CLANG_WARN_UNGUARDED_AVAILABILITY = YES_AGGRESSIVE;
				CLANG_WARN_UNREACHABLE_CODE = YES;
				CLANG_WARN__DUPLICATE_METHOD_MATCH = YES;
				COPY_PHASE_STRIP = NO;
				DEBUG_INFORMATION_FORMAT = dwarf;
				ENABLE_STRICT_OBJC_MSGSEND = YES;
				ENABLE_TESTABILITY = YES;
				ENABLE_USER_SCRIPT_SANDBOXING = YES;
				GCC_C_LANGUAGE_STANDARD = gnu17;
				GCC_DYNAMIC_NO_PIC = NO;
				GCC_NO_COMMON_BLOCKS = YES;
				GCC_OPTIMIZATION_LEVEL = 0;
				GCC_PREPROCESSOR_DEFINITIONS = (
					"DEBUG=1",
					"$(inherited)",
				);
				GCC_WARN_64_TO_32_BIT_CONVERSION = YES;
				GCC_WARN_ABOUT_RETURN_TYPE = YES_ERROR;
				GCC_WARN_UNDECLARED_SELECTOR = YES;
				GCC_WARN_UNINITIALIZED_AUTOS = YES_AGGRESSIVE;
				GCC_WARN_UNUSED_FUNCTION = YES;
				GCC_WARN_UNUSED_VARIABLE = YES;
				IPHONEOS_DEPLOYMENT_TARGET = 17.2;
				LOCALIZATION_PREFERS_STRING_CATALOGS = YES;
				MTL_ENABLE_DEBUG_INFO = INCLUDE_SOURCE;
				MTL_FAST_MATH = YES;
				ONLY_ACTIVE_ARCH = YES;
				SDKROOT = iphoneos;
				SWIFT_ACTIVE_COMPILATION_CONDITIONS = "DEBUG $(inherited)";
				SWIFT_OPTIMIZATION_LEVEL = "-Onone";
			};
			name = Debug;
		};
		F7F5BC4A2B40A4C200899AA2 /* Release */ = {
			isa = XCBuildConfiguration;
			buildSettings = {
				ALWAYS_SEARCH_USER_PATHS = NO;
				ASSETCATALOG_COMPILER_GENERATE_SWIFT_ASSET_SYMBOL_EXTENSIONS = YES;
				CLANG_ANALYZER_NONNULL = YES;
				CLANG_ANALYZER_NUMBER_OBJECT_CONVERSION = YES_AGGRESSIVE;
				CLANG_CXX_LANGUAGE_STANDARD = "gnu++20";
				CLANG_ENABLE_MODULES = YES;
				CLANG_ENABLE_OBJC_ARC = YES;
				CLANG_ENABLE_OBJC_WEAK = YES;
				CLANG_WARN_BLOCK_CAPTURE_AUTORELEASING = YES;
				CLANG_WARN_BOOL_CONVERSION = YES;
				CLANG_WARN_COMMA = YES;
				CLANG_WARN_CONSTANT_CONVERSION = YES;
				CLANG_WARN_DEPRECATED_OBJC_IMPLEMENTATIONS = YES;
				CLANG_WARN_DIRECT_OBJC_ISA_USAGE = YES_ERROR;
				CLANG_WARN_DOCUMENTATION_COMMENTS = YES;
				CLANG_WARN_EMPTY_BODY = YES;
				CLANG_WARN_ENUM_CONVERSION = YES;
				CLANG_WARN_INFINITE_RECURSION = YES;
				CLANG_WARN_INT_CONVERSION = YES;
				CLANG_WARN_NON_LITERAL_NULL_CONVERSION = YES;
				CLANG_WARN_OBJC_IMPLICIT_RETAIN_SELF = YES;
				CLANG_WARN_OBJC_LITERAL_CONVERSION = YES;
				CLANG_WARN_OBJC_ROOT_CLASS = YES_ERROR;
				CLANG_WARN_QUOTED_INCLUDE_IN_FRAMEWORK_HEADER = YES;
				CLANG_WARN_RANGE_LOOP_ANALYSIS = YES;
				CLANG_WARN_STRICT_PROTOTYPES = YES;
				CLANG_WARN_SUSPICIOUS_MOVE = YES;
				CLANG_WARN_UNGUARDED_AVAILABILITY = YES_AGGRESSIVE;
				CLANG_WARN_UNREACHABLE_CODE = YES;
				CLANG_WARN__DUPLICATE_METHOD_MATCH = YES;
				COPY_PHASE_STRIP = NO;
				DEBUG_INFORMATION_FORMAT = "dwarf-with-dsym";
				ENABLE_NS_ASSERTIONS = NO;
				ENABLE_STRICT_OBJC_MSGSEND = YES;
				ENABLE_USER_SCRIPT_SANDBOXING = YES;
				GCC_C_LANGUAGE_STANDARD = gnu17;
				GCC_NO_COMMON_BLOCKS = YES;
				GCC_WARN_64_TO_32_BIT_CONVERSION = YES;
				GCC_WARN_ABOUT_RETURN_TYPE = YES_ERROR;
				GCC_WARN_UNDECLARED_SELECTOR = YES;
				GCC_WARN_UNINITIALIZED_AUTOS = YES_AGGRESSIVE;
				GCC_WARN_UNUSED_FUNCTION = YES;
				GCC_WARN_UNUSED_VARIABLE = YES;
				IPHONEOS_DEPLOYMENT_TARGET = 17.2;
				LOCALIZATION_PREFERS_STRING_CATALOGS = YES;
				MTL_ENABLE_DEBUG_INFO = NO;
				MTL_FAST_MATH = YES;
				SDKROOT = iphoneos;
				SWIFT_COMPILATION_MODE = wholemodule;
				VALIDATE_PRODUCT = YES;
			};
			name = Release;
		};
		F7F5BC4C2B40A4C200899AA2 /* Debug */ = {
			isa = XCBuildConfiguration;
			buildSettings = {
				ASSETCATALOG_COMPILER_APPICON_NAME = AppIcon;
				ASSETCATALOG_COMPILER_GLOBAL_ACCENT_COLOR_NAME = AccentColor;
				CODE_SIGN_STYLE = Automatic;
				CURRENT_PROJECT_VERSION = 1;
				DEVELOPMENT_ASSET_PATHS = "\"MeshTransformAnimation/Preview Content\"";
				DEVELOPMENT_TEAM = GP8VNBM7WP;
				ENABLE_PREVIEWS = YES;
				GENERATE_INFOPLIST_FILE = YES;
				INFOPLIST_FILE = MeshTransformAnimation/Info.plist;
				INFOPLIST_KEY_UIApplicationSceneManifest_Generation = YES;
				INFOPLIST_KEY_UIApplicationSupportsIndirectInputEvents = YES;
				INFOPLIST_KEY_UILaunchScreen_Generation = YES;
				INFOPLIST_KEY_UISupportedInterfaceOrientations_iPad = "UIInterfaceOrientationPortrait UIInterfaceOrientationPortraitUpsideDown UIInterfaceOrientationLandscapeLeft UIInterfaceOrientationLandscapeRight";
				INFOPLIST_KEY_UISupportedInterfaceOrientations_iPhone = "UIInterfaceOrientationPortrait UIInterfaceOrientationLandscapeLeft UIInterfaceOrientationLandscapeRight";
				IPHONEOS_DEPLOYMENT_TARGET = 17;
				LD_RUNPATH_SEARCH_PATHS = (
					"$(inherited)",
					"@executable_path/Frameworks",
				);
				MARKETING_VERSION = 1.0;
				PRODUCT_BUNDLE_IDENTIFIER = com.janumtrivedi.MeshTransformAnimation;
				PRODUCT_NAME = "$(TARGET_NAME)";
				SWIFT_EMIT_LOC_STRINGS = YES;
				SWIFT_VERSION = 5.0;
				TARGETED_DEVICE_FAMILY = "1,2";
			};
			name = Debug;
		};
		F7F5BC4D2B40A4C200899AA2 /* Release */ = {
			isa = XCBuildConfiguration;
			buildSettings = {
				ASSETCATALOG_COMPILER_APPICON_NAME = AppIcon;
				ASSETCATALOG_COMPILER_GLOBAL_ACCENT_COLOR_NAME = AccentColor;
				CODE_SIGN_STYLE = Automatic;
				CURRENT_PROJECT_VERSION = 1;
				DEVELOPMENT_ASSET_PATHS = "\"MeshTransformAnimation/Preview Content\"";
				DEVELOPMENT_TEAM = GP8VNBM7WP;
				ENABLE_PREVIEWS = YES;
				GENERATE_INFOPLIST_FILE = YES;
				INFOPLIST_FILE = MeshTransformAnimation/Info.plist;
				INFOPLIST_KEY_UIApplicationSceneManifest_Generation = YES;
				INFOPLIST_KEY_UIApplicationSupportsIndirectInputEvents = YES;
				INFOPLIST_KEY_UILaunchScreen_Generation = YES;
				INFOPLIST_KEY_UISupportedInterfaceOrientations_iPad = "UIInterfaceOrientationPortrait UIInterfaceOrientationPortraitUpsideDown UIInterfaceOrientationLandscapeLeft UIInterfaceOrientationLandscapeRight";
				INFOPLIST_KEY_UISupportedInterfaceOrientations_iPhone = "UIInterfaceOrientationPortrait UIInterfaceOrientationLandscapeLeft UIInterfaceOrientationLandscapeRight";
				IPHONEOS_DEPLOYMENT_TARGET = 17;
				LD_RUNPATH_SEARCH_PATHS = (
					"$(inherited)",
					"@executable_path/Frameworks",
				);
				MARKETING_VERSION = 1.0;
				PRODUCT_BUNDLE_IDENTIFIER = com.janumtrivedi.MeshTransformAnimation;
				PRODUCT_NAME = "$(TARGET_NAME)";
				SWIFT_EMIT_LOC_STRINGS = YES;
				SWIFT_VERSION = 5.0;
				TARGETED_DEVICE_FAMILY = "1,2";
			};
			name = Release;
		};
/* End XCBuildConfiguration section */

/* Begin XCConfigurationList section */
		F7F5BC382B40A4C100899AA2 /* Build configuration list for PBXProject "MeshTransformAnimation" */ = {
			isa = XCConfigurationList;
			buildConfigurations = (
				F7F5BC492B40A4C200899AA2 /* Debug */,
				F7F5BC4A2B40A4C200899AA2 /* Release */,
			);
			defaultConfigurationIsVisible = 0;
			defaultConfigurationName = Release;
		};
		F7F5BC4B2B40A4C200899AA2 /* Build configuration list for PBXNativeTarget "MeshTransformAnimation" */ = {
			isa = XCConfigurationList;
			buildConfigurations = (
				F7F5BC4C2B40A4C200899AA2 /* Debug */,
				F7F5BC4D2B40A4C200899AA2 /* Release */,
			);
			defaultConfigurationIsVisible = 0;
			defaultConfigurationName = Release;
		};
/* End XCConfigurationList section */

/* Begin XCRemoteSwiftPackageReference section */
		F7F5BC4E2B40A4D800899AA2 /* XCRemoteSwiftPackageReference "Wave" */ = {
			isa = XCRemoteSwiftPackageReference;
			repositoryURL = "https://github.com/jtrivedi/Wave";
			requirement = {
				kind = upToNextMajorVersion;
				minimumVersion = 0.3.2;
			};
		};
/* End XCRemoteSwiftPackageReference section */

/* Begin XCSwiftPackageProductDependency section */
		F7F5BC4F2B40A4D800899AA2 /* Wave */ = {
			isa = XCSwiftPackageProductDependency;
			package = F7F5BC4E2B40A4D800899AA2 /* XCRemoteSwiftPackageReference "Wave" */;
			productName = Wave;
		};
/* End XCSwiftPackageProductDependency section */
	};
	rootObject = F7F5BC352B40A4C100899AA2 /* Project object */;
}
